<?xml version="1.0" encoding="utf-8"?>
<Project ToolsVersion="4.0" xmlns="http://schemas.microsoft.com/developer/msbuild/2003">
  <ItemGroup>
    <ClInclude Include="Game.h" />
    <ClInclude Include="resource.h">
      <Filter>Resoueces</Filter>
    </ClInclude>
  </ItemGroup>
  <ItemGroup>
    <ClCompile Include="Game.cpp" />
  </ItemGroup>
  <ItemGroup>
    <Filter Include="Resoueces">
      <UniqueIdentifier>{86c94dbd-7a6f-4f7f-ad35-8b3d752a6b6a}</UniqueIdentifier>
    </Filter>
  </ItemGroup>
  <ItemGroup>
    <ResourceCompile Include="Game.rc">
      <Filter>Resoueces</Filter>
    </ResourceCompile>
  </ItemGroup>
</Project>